// !$*UTF8*$!
{
	archiveVersion = 1;
	classes = {
	};
	objectVersion = 56;
	objects = {

/* Begin PBXBuildFile section */
		DF384D3B981B51A6553E1CDF /* Pods_EGarciaUPAX.framework in Frameworks */ = {isa = PBXBuildFile; fileRef = 63CA42BC8195841985EA86E3 /* Pods_EGarciaUPAX.framework */; };
		E3ADD2C82A4C906700C83685 /* AppDelegate.swift in Sources */ = {isa = PBXBuildFile; fileRef = E3ADD2C72A4C906700C83685 /* AppDelegate.swift */; };
		E3ADD2CA2A4C906700C83685 /* SceneDelegate.swift in Sources */ = {isa = PBXBuildFile; fileRef = E3ADD2C92A4C906700C83685 /* SceneDelegate.swift */; };
		E3ADD2CC2A4C906700C83685 /* GetController.swift in Sources */ = {isa = PBXBuildFile; fileRef = E3ADD2CB2A4C906700C83685 /* GetController.swift */; };
		E3ADD2CF2A4C906700C83685 /* Main.storyboard in Resources */ = {isa = PBXBuildFile; fileRef = E3ADD2CD2A4C906700C83685 /* Main.storyboard */; };
		E3ADD2D12A4C906800C83685 /* Assets.xcassets in Resources */ = {isa = PBXBuildFile; fileRef = E3ADD2D02A4C906800C83685 /* Assets.xcassets */; };
		E3ADD2D42A4C906800C83685 /* LaunchScreen.storyboard in Resources */ = {isa = PBXBuildFile; fileRef = E3ADD2D22A4C906800C83685 /* LaunchScreen.storyboard */; };
		E3ADD2E72A4C96E000C83685 /* FirebaseDatabase in Frameworks */ = {isa = PBXBuildFile; productRef = E3ADD2E62A4C96E000C83685 /* FirebaseDatabase */; };
		E3ADD2E92A4C96E000C83685 /* FirebaseFirestore in Frameworks */ = {isa = PBXBuildFile; productRef = E3ADD2E82A4C96E000C83685 /* FirebaseFirestore */; };
		E3ADD2EB2A4C9AD400C83685 /* GoogleService-Info.plist in Resources */ = {isa = PBXBuildFile; fileRef = E3ADD2EA2A4C9AD400C83685 /* GoogleService-Info.plist */; };
		E3CEFB182A61DD4D005E3C02 /* GetViewModel.swift in Sources */ = {isa = PBXBuildFile; fileRef = E3CEFB172A61DD4D005E3C02 /* GetViewModel.swift */; };
		E3CEFB1D2A61DF7C005E3C02 /* NombreCell.swift in Sources */ = {isa = PBXBuildFile; fileRef = E3CEFB1B2A61DF7C005E3C02 /* NombreCell.swift */; };
		E3CEFB1E2A61DF7C005E3C02 /* NombreCell.xib in Resources */ = {isa = PBXBuildFile; fileRef = E3CEFB1C2A61DF7C005E3C02 /* NombreCell.xib */; };
		E3CEFB212A61F30B005E3C02 /* FotoCell.swift in Sources */ = {isa = PBXBuildFile; fileRef = E3CEFB1F2A61F30B005E3C02 /* FotoCell.swift */; };
		E3CEFB222A61F30B005E3C02 /* FotoCell.xib in Resources */ = {isa = PBXBuildFile; fileRef = E3CEFB202A61F30B005E3C02 /* FotoCell.xib */; };
		E3CEFB272A620178005E3C02 /* DescripcionCell.swift in Sources */ = {isa = PBXBuildFile; fileRef = E3CEFB252A620178005E3C02 /* DescripcionCell.swift */; };
		E3CEFB282A620178005E3C02 /* DescripcionCell.xib in Resources */ = {isa = PBXBuildFile; fileRef = E3CEFB262A620178005E3C02 /* DescripcionCell.xib */; };
		E3CEFB2A2A621A9A005E3C02 /* TomarFotoController.swift in Sources */ = {isa = PBXBuildFile; fileRef = E3CEFB292A621A9A005E3C02 /* TomarFotoController.swift */; };
/* End PBXBuildFile section */

/* Begin PBXFileReference section */
		47DD1C92184A96C589D86EFC /* Pods-EGarciaUPAX.release.xcconfig */ = {isa = PBXFileReference; includeInIndex = 1; lastKnownFileType = text.xcconfig; name = "Pods-EGarciaUPAX.release.xcconfig"; path = "Target Support Files/Pods-EGarciaUPAX/Pods-EGarciaUPAX.release.xcconfig"; sourceTree = "<group>"; };
		63CA42BC8195841985EA86E3 /* Pods_EGarciaUPAX.framework */ = {isa = PBXFileReference; explicitFileType = wrapper.framework; includeInIndex = 0; path = Pods_EGarciaUPAX.framework; sourceTree = BUILT_PRODUCTS_DIR; };
		DDC5C7F22504BAA664888DD4 /* Pods-EGarciaUPAX.debug.xcconfig */ = {isa = PBXFileReference; includeInIndex = 1; lastKnownFileType = text.xcconfig; name = "Pods-EGarciaUPAX.debug.xcconfig"; path = "Target Support Files/Pods-EGarciaUPAX/Pods-EGarciaUPAX.debug.xcconfig"; sourceTree = "<group>"; };
		E3ADD2C42A4C906700C83685 /* EGarciaUPAX.app */ = {isa = PBXFileReference; explicitFileType = wrapper.application; includeInIndex = 0; path = EGarciaUPAX.app; sourceTree = BUILT_PRODUCTS_DIR; };
		E3ADD2C72A4C906700C83685 /* AppDelegate.swift */ = {isa = PBXFileReference; lastKnownFileType = sourcecode.swift; path = AppDelegate.swift; sourceTree = "<group>"; };
		E3ADD2C92A4C906700C83685 /* SceneDelegate.swift */ = {isa = PBXFileReference; lastKnownFileType = sourcecode.swift; path = SceneDelegate.swift; sourceTree = "<group>"; };
		E3ADD2CB2A4C906700C83685 /* GetController.swift */ = {isa = PBXFileReference; lastKnownFileType = sourcecode.swift; path = GetController.swift; sourceTree = "<group>"; };
		E3ADD2CE2A4C906700C83685 /* Base */ = {isa = PBXFileReference; lastKnownFileType = file.storyboard; name = Base; path = Base.lproj/Main.storyboard; sourceTree = "<group>"; };
		E3ADD2D02A4C906800C83685 /* Assets.xcassets */ = {isa = PBXFileReference; lastKnownFileType = folder.assetcatalog; path = Assets.xcassets; sourceTree = "<group>"; };
		E3ADD2D32A4C906800C83685 /* Base */ = {isa = PBXFileReference; lastKnownFileType = file.storyboard; name = Base; path = Base.lproj/LaunchScreen.storyboard; sourceTree = "<group>"; };
		E3ADD2D52A4C906800C83685 /* Info.plist */ = {isa = PBXFileReference; lastKnownFileType = text.plist.xml; path = Info.plist; sourceTree = "<group>"; };
		E3ADD2EA2A4C9AD400C83685 /* GoogleService-Info.plist */ = {isa = PBXFileReference; fileEncoding = 4; lastKnownFileType = text.plist.xml; name = "GoogleService-Info.plist"; path = "../../../../Desktop/GoogleService-Info.plist"; sourceTree = "<group>"; };
		E3CEFB172A61DD4D005E3C02 /* GetViewModel.swift */ = {isa = PBXFileReference; lastKnownFileType = sourcecode.swift; path = GetViewModel.swift; sourceTree = "<group>"; };
		E3CEFB1B2A61DF7C005E3C02 /* NombreCell.swift */ = {isa = PBXFileReference; lastKnownFileType = sourcecode.swift; path = NombreCell.swift; sourceTree = "<group>"; };
		E3CEFB1C2A61DF7C005E3C02 /* NombreCell.xib */ = {isa = PBXFileReference; lastKnownFileType = file.xib; path = NombreCell.xib; sourceTree = "<group>"; };
		E3CEFB1F2A61F30B005E3C02 /* FotoCell.swift */ = {isa = PBXFileReference; lastKnownFileType = sourcecode.swift; path = FotoCell.swift; sourceTree = "<group>"; };
		E3CEFB202A61F30B005E3C02 /* FotoCell.xib */ = {isa = PBXFileReference; lastKnownFileType = file.xib; path = FotoCell.xib; sourceTree = "<group>"; };
		E3CEFB252A620178005E3C02 /* DescripcionCell.swift */ = {isa = PBXFileReference; lastKnownFileType = sourcecode.swift; path = DescripcionCell.swift; sourceTree = "<group>"; };
		E3CEFB262A620178005E3C02 /* DescripcionCell.xib */ = {isa = PBXFileReference; lastKnownFileType = file.xib; path = DescripcionCell.xib; sourceTree = "<group>"; };
		E3CEFB292A621A9A005E3C02 /* TomarFotoController.swift */ = {isa = PBXFileReference; lastKnownFileType = sourcecode.swift; path = TomarFotoController.swift; sourceTree = "<group>"; };
/* End PBXFileReference section */

/* Begin PBXFrameworksBuildPhase section */
		E3ADD2C12A4C906700C83685 /* Frameworks */ = {
			isa = PBXFrameworksBuildPhase;
			buildActionMask = 2147483647;
			files = (
				E3ADD2E72A4C96E000C83685 /* FirebaseDatabase in Frameworks */,
				E3ADD2E92A4C96E000C83685 /* FirebaseFirestore in Frameworks */,
				DF384D3B981B51A6553E1CDF /* Pods_EGarciaUPAX.framework in Frameworks */,
			);
			runOnlyForDeploymentPostprocessing = 0;
		};
/* End PBXFrameworksBuildPhase section */

/* Begin PBXGroup section */
		9924E168E2B41E9AF816C8E2 /* Frameworks */ = {
			isa = PBXGroup;
			children = (
				63CA42BC8195841985EA86E3 /* Pods_EGarciaUPAX.framework */,
			);
			name = Frameworks;
			sourceTree = "<group>";
		};
		A136E1EF7175C53A72CBBF9C /* Pods */ = {
			isa = PBXGroup;
			children = (
				DDC5C7F22504BAA664888DD4 /* Pods-EGarciaUPAX.debug.xcconfig */,
				47DD1C92184A96C589D86EFC /* Pods-EGarciaUPAX.release.xcconfig */,
			);
			path = Pods;
			sourceTree = "<group>";
		};
		E3ADD2BB2A4C906700C83685 = {
			isa = PBXGroup;
			children = (
				E3ADD2C62A4C906700C83685 /* EGarciaUPAX */,
				E3ADD2C52A4C906700C83685 /* Products */,
				A136E1EF7175C53A72CBBF9C /* Pods */,
				9924E168E2B41E9AF816C8E2 /* Frameworks */,
			);
			sourceTree = "<group>";
		};
		E3ADD2C52A4C906700C83685 /* Products */ = {
			isa = PBXGroup;
			children = (
				E3ADD2C42A4C906700C83685 /* EGarciaUPAX.app */,
			);
			name = Products;
			sourceTree = "<group>";
		};
		E3ADD2C62A4C906700C83685 /* EGarciaUPAX */ = {
			isa = PBXGroup;
			children = (
				E3CEFB162A61D8C3005E3C02 /* Controller */,
				E3CEFB152A61D8BB005E3C02 /* ViewModel */,
				E3CEFB142A61D8B5005E3C02 /* Model */,
				E3CEFB132A61D8AC005E3C02 /* View */,
				E3ADD2C72A4C906700C83685 /* AppDelegate.swift */,
				E3ADD2C92A4C906700C83685 /* SceneDelegate.swift */,
				E3ADD2D02A4C906800C83685 /* Assets.xcassets */,
				E3ADD2EA2A4C9AD400C83685 /* GoogleService-Info.plist */,
				E3ADD2D52A4C906800C83685 /* Info.plist */,
			);
			path = EGarciaUPAX;
			sourceTree = "<group>";
		};
		E3CEFB132A61D8AC005E3C02 /* View */ = {
			isa = PBXGroup;
			children = (
				E3ADD2D22A4C906800C83685 /* LaunchScreen.storyboard */,
				E3ADD2CD2A4C906700C83685 /* Main.storyboard */,
				E3CEFB1B2A61DF7C005E3C02 /* NombreCell.swift */,
				E3CEFB1C2A61DF7C005E3C02 /* NombreCell.xib */,
				E3CEFB1F2A61F30B005E3C02 /* FotoCell.swift */,
				E3CEFB202A61F30B005E3C02 /* FotoCell.xib */,
				E3CEFB252A620178005E3C02 /* DescripcionCell.swift */,
				E3CEFB262A620178005E3C02 /* DescripcionCell.xib */,
			);
			path = View;
			sourceTree = "<group>";
		};
		E3CEFB142A61D8B5005E3C02 /* Model */ = {
			isa = PBXGroup;
			children = (
			);
			path = Model;
			sourceTree = "<group>";
		};
		E3CEFB152A61D8BB005E3C02 /* ViewModel */ = {
			isa = PBXGroup;
			children = (
				E3CEFB172A61DD4D005E3C02 /* GetViewModel.swift */,
			);
			path = ViewModel;
			sourceTree = "<group>";
		};
		E3CEFB162A61D8C3005E3C02 /* Controller */ = {
			isa = PBXGroup;
			children = (
				E3CEFB292A621A9A005E3C02 /* TomarFotoController.swift */,
				E3ADD2CB2A4C906700C83685 /* GetController.swift */,
			);
			path = Controller;
			sourceTree = "<group>";
		};
/* End PBXGroup section */

/* Begin PBXNativeTarget section */
		E3ADD2C32A4C906700C83685 /* EGarciaUPAX */ = {
			isa = PBXNativeTarget;
			buildConfigurationList = E3ADD2D82A4C906800C83685 /* Build configuration list for PBXNativeTarget "EGarciaUPAX" */;
			buildPhases = (
				C46E4EE7D578A3D23232FF0A /* [CP] Check Pods Manifest.lock */,
				E3ADD2C02A4C906700C83685 /* Sources */,
				E3ADD2C12A4C906700C83685 /* Frameworks */,
				E3ADD2C22A4C906700C83685 /* Resources */,
				138C0515002014D4256B0B9B /* [CP] Embed Pods Frameworks */,
			);
			buildRules = (
			);
			dependencies = (
			);
			name = EGarciaUPAX;
			packageProductDependencies = (
				E3ADD2E62A4C96E000C83685 /* FirebaseDatabase */,
				E3ADD2E82A4C96E000C83685 /* FirebaseFirestore */,
			);
			productName = EGarciaUPAX;
			productReference = E3ADD2C42A4C906700C83685 /* EGarciaUPAX.app */;
			productType = "com.apple.product-type.application";
		};
/* End PBXNativeTarget section */

/* Begin PBXProject section */
		E3ADD2BC2A4C906700C83685 /* Project object */ = {
			isa = PBXProject;
			attributes = {
				BuildIndependentTargetsInParallel = 1;
				LastSwiftUpdateCheck = 1430;
				LastUpgradeCheck = 1430;
				TargetAttributes = {
					E3ADD2C32A4C906700C83685 = {
						CreatedOnToolsVersion = 14.3;
					};
				};
			};
			buildConfigurationList = E3ADD2BF2A4C906700C83685 /* Build configuration list for PBXProject "EGarciaUPAX" */;
			compatibilityVersion = "Xcode 14.0";
			developmentRegion = en;
			hasScannedForEncodings = 0;
			knownRegions = (
				en,
				Base,
			);
			mainGroup = E3ADD2BB2A4C906700C83685;
			packageReferences = (
				E3ADD2E52A4C96E000C83685 /* XCRemoteSwiftPackageReference "firebase-ios-sdk" */,
			);
			productRefGroup = E3ADD2C52A4C906700C83685 /* Products */;
			projectDirPath = "";
			projectRoot = "";
			targets = (
				E3ADD2C32A4C906700C83685 /* EGarciaUPAX */,
			);
		};
/* End PBXProject section */

/* Begin PBXResourcesBuildPhase section */
		E3ADD2C22A4C906700C83685 /* Resources */ = {
			isa = PBXResourcesBuildPhase;
			buildActionMask = 2147483647;
			files = (
				E3ADD2D42A4C906800C83685 /* LaunchScreen.storyboard in Resources */,
				E3ADD2EB2A4C9AD400C83685 /* GoogleService-Info.plist in Resources */,
				E3CEFB1E2A61DF7C005E3C02 /* NombreCell.xib in Resources */,
				E3CEFB222A61F30B005E3C02 /* FotoCell.xib in Resources */,
				E3ADD2D12A4C906800C83685 /* Assets.xcassets in Resources */,
				E3ADD2CF2A4C906700C83685 /* Main.storyboard in Resources */,
				E3CEFB282A620178005E3C02 /* DescripcionCell.xib in Resources */,
			);
			runOnlyForDeploymentPostprocessing = 0;
		};
/* End PBXResourcesBuildPhase section */

/* Begin PBXShellScriptBuildPhase section */
		138C0515002014D4256B0B9B /* [CP] Embed Pods Frameworks */ = {
			isa = PBXShellScriptBuildPhase;
			buildActionMask = 2147483647;
			files = (
			);
			inputFileListPaths = (
				"${PODS_ROOT}/Target Support Files/Pods-EGarciaUPAX/Pods-EGarciaUPAX-frameworks-${CONFIGURATION}-input-files.xcfilelist",
			);
			name = "[CP] Embed Pods Frameworks";
			outputFileListPaths = (
				"${PODS_ROOT}/Target Support Files/Pods-EGarciaUPAX/Pods-EGarciaUPAX-frameworks-${CONFIGURATION}-output-files.xcfilelist",
			);
			runOnlyForDeploymentPostprocessing = 0;
			shellPath = /bin/sh;
			shellScript = "\"${PODS_ROOT}/Target Support Files/Pods-EGarciaUPAX/Pods-EGarciaUPAX-frameworks.sh\"\n";
			showEnvVarsInLog = 0;
		};
		C46E4EE7D578A3D23232FF0A /* [CP] Check Pods Manifest.lock */ = {
			isa = PBXShellScriptBuildPhase;
			buildActionMask = 2147483647;
			files = (
			);
			inputFileListPaths = (
			);
			inputPaths = (
				"${PODS_PODFILE_DIR_PATH}/Podfile.lock",
				"${PODS_ROOT}/Manifest.lock",
			);
			name = "[CP] Check Pods Manifest.lock";
			outputFileListPaths = (
			);
			outputPaths = (
				"$(DERIVED_FILE_DIR)/Pods-EGarciaUPAX-checkManifestLockResult.txt",
			);
			runOnlyForDeploymentPostprocessing = 0;
			shellPath = /bin/sh;
			shellScript = "diff \"${PODS_PODFILE_DIR_PATH}/Podfile.lock\" \"${PODS_ROOT}/Manifest.lock\" > /dev/null\nif [ $? != 0 ] ; then\n    # print error to STDERR\n    echo \"error: The sandbox is not in sync with the Podfile.lock. Run 'pod install' or update your CocoaPods installation.\" >&2\n    exit 1\nfi\n# This output is used by Xcode 'outputs' to avoid re-running this script phase.\necho \"SUCCESS\" > \"${SCRIPT_OUTPUT_FILE_0}\"\n";
			showEnvVarsInLog = 0;
		};
/* End PBXShellScriptBuildPhase section */

/* Begin PBXSourcesBuildPhase section */
		E3ADD2C02A4C906700C83685 /* Sources */ = {
			isa = PBXSourcesBuildPhase;
			buildActionMask = 2147483647;
			files = (
				E3ADD2CC2A4C906700C83685 /* GetController.swift in Sources */,
				E3CEFB182A61DD4D005E3C02 /* GetViewModel.swift in Sources */,
				E3CEFB1D2A61DF7C005E3C02 /* NombreCell.swift in Sources */,
				E3CEFB2A2A621A9A005E3C02 /* TomarFotoController.swift in Sources */,
				E3CEFB272A620178005E3C02 /* DescripcionCell.swift in Sources */,
				E3ADD2C82A4C906700C83685 /* AppDelegate.swift in Sources */,
				E3ADD2CA2A4C906700C83685 /* SceneDelegate.swift in Sources */,
				E3CEFB212A61F30B005E3C02 /* FotoCell.swift in Sources */,
			);
			runOnlyForDeploymentPostprocessing = 0;
		};
/* End PBXSourcesBuildPhase section */

/* Begin PBXVariantGroup section */
		E3ADD2CD2A4C906700C83685 /* Main.storyboard */ = {
			isa = PBXVariantGroup;
			children = (
				E3ADD2CE2A4C906700C83685 /* Base */,
			);
			name = Main.storyboard;
			sourceTree = "<group>";
		};
		E3ADD2D22A4C906800C83685 /* LaunchScreen.storyboard */ = {
			isa = PBXVariantGroup;
			children = (
				E3ADD2D32A4C906800C83685 /* Base */,
			);
			name = LaunchScreen.storyboard;
			sourceTree = "<group>";
		};
/* End PBXVariantGroup section */

/* Begin XCBuildConfiguration section */
		E3ADD2D62A4C906800C83685 /* Debug */ = {
			isa = XCBuildConfiguration;
			buildSettings = {
				ALWAYS_SEARCH_USER_PATHS = NO;
				CLANG_ANALYZER_NONNULL = YES;
				CLANG_ANALYZER_NUMBER_OBJECT_CONVERSION = YES_AGGRESSIVE;
				CLANG_CXX_LANGUAGE_STANDARD = "gnu++20";
				CLANG_ENABLE_MODULES = YES;
				CLANG_ENABLE_OBJC_ARC = YES;
				CLANG_ENABLE_OBJC_WEAK = YES;
				CLANG_WARN_BLOCK_CAPTURE_AUTORELEASING = YES;
				CLANG_WARN_BOOL_CONVERSION = YES;
				CLANG_WARN_COMMA = YES;
				CLANG_WARN_CONSTANT_CONVERSION = YES;
				CLANG_WARN_DEPRECATED_OBJC_IMPLEMENTATIONS = YES;
				CLANG_WARN_DIRECT_OBJC_ISA_USAGE = YES_ERROR;
				CLANG_WARN_DOCUMENTATION_COMMENTS = YES;
				CLANG_WARN_EMPTY_BODY = YES;
				CLANG_WARN_ENUM_CONVERSION = YES;
				CLANG_WARN_INFINITE_RECURSION = YES;
				CLANG_WARN_INT_CONVERSION = YES;
				CLANG_WARN_NON_LITERAL_NULL_CONVERSION = YES;
				CLANG_WARN_OBJC_IMPLICIT_RETAIN_SELF = YES;
				CLANG_WARN_OBJC_LITERAL_CONVERSION = YES;
				CLANG_WARN_OBJC_ROOT_CLASS = YES_ERROR;
				CLANG_WARN_QUOTED_INCLUDE_IN_FRAMEWORK_HEADER = YES;
				CLANG_WARN_RANGE_LOOP_ANALYSIS = YES;
				CLANG_WARN_STRICT_PROTOTYPES = YES;
				CLANG_WARN_SUSPICIOUS_MOVE = YES;
				CLANG_WARN_UNGUARDED_AVAILABILITY = YES_AGGRESSIVE;
				CLANG_WARN_UNREACHABLE_CODE = YES;
				CLANG_WARN__DUPLICATE_METHOD_MATCH = YES;
				COPY_PHASE_STRIP = NO;
				DEBUG_INFORMATION_FORMAT = dwarf;
				ENABLE_STRICT_OBJC_MSGSEND = YES;
				ENABLE_TESTABILITY = YES;
				GCC_C_LANGUAGE_STANDARD = gnu11;
				GCC_DYNAMIC_NO_PIC = NO;
				GCC_NO_COMMON_BLOCKS = YES;
				GCC_OPTIMIZATION_LEVEL = 0;
				GCC_PREPROCESSOR_DEFINITIONS = (
					"DEBUG=1",
					"$(inherited)",
				);
				GCC_WARN_64_TO_32_BIT_CONVERSION = YES;
				GCC_WARN_ABOUT_RETURN_TYPE = YES_ERROR;
				GCC_WARN_UNDECLARED_SELECTOR = YES;
				GCC_WARN_UNINITIALIZED_AUTOS = YES_AGGRESSIVE;
				GCC_WARN_UNUSED_FUNCTION = YES;
				GCC_WARN_UNUSED_VARIABLE = YES;
				IPHONEOS_DEPLOYMENT_TARGET = 16.1;
				MTL_ENABLE_DEBUG_INFO = INCLUDE_SOURCE;
				MTL_FAST_MATH = YES;
				ONLY_ACTIVE_ARCH = YES;
				SDKROOT = iphoneos;
				SWIFT_ACTIVE_COMPILATION_CONDITIONS = DEBUG;
				SWIFT_OPTIMIZATION_LEVEL = "-Onone";
			};
			name = Debug;
		};
		E3ADD2D72A4C906800C83685 /* Release */ = {
			isa = XCBuildConfiguration;
			buildSettings = {
				ALWAYS_SEARCH_USER_PATHS = NO;
				CLANG_ANALYZER_NONNULL = YES;
				CLANG_ANALYZER_NUMBER_OBJECT_CONVERSION = YES_AGGRESSIVE;
				CLANG_CXX_LANGUAGE_STANDARD = "gnu++20";
				CLANG_ENABLE_MODULES = YES;
				CLANG_ENABLE_OBJC_ARC = YES;
				CLANG_ENABLE_OBJC_WEAK = YES;
				CLANG_WARN_BLOCK_CAPTURE_AUTORELEASING = YES;
				CLANG_WARN_BOOL_CONVERSION = YES;
				CLANG_WARN_COMMA = YES;
				CLANG_WARN_CONSTANT_CONVERSION = YES;
				CLANG_WARN_DEPRECATED_OBJC_IMPLEMENTATIONS = YES;
				CLANG_WARN_DIRECT_OBJC_ISA_USAGE = YES_ERROR;
				CLANG_WARN_DOCUMENTATION_COMMENTS = YES;
				CLANG_WARN_EMPTY_BODY = YES;
				CLANG_WARN_ENUM_CONVERSION = YES;
				CLANG_WARN_INFINITE_RECURSION = YES;
				CLANG_WARN_INT_CONVERSION = YES;
				CLANG_WARN_NON_LITERAL_NULL_CONVERSION = YES;
				CLANG_WARN_OBJC_IMPLICIT_RETAIN_SELF = YES;
				CLANG_WARN_OBJC_LITERAL_CONVERSION = YES;
				CLANG_WARN_OBJC_ROOT_CLASS = YES_ERROR;
				CLANG_WARN_QUOTED_INCLUDE_IN_FRAMEWORK_HEADER = YES;
				CLANG_WARN_RANGE_LOOP_ANALYSIS = YES;
				CLANG_WARN_STRICT_PROTOTYPES = YES;
				CLANG_WARN_SUSPICIOUS_MOVE = YES;
				CLANG_WARN_UNGUARDED_AVAILABILITY = YES_AGGRESSIVE;
				CLANG_WARN_UNREACHABLE_CODE = YES;
				CLANG_WARN__DUPLICATE_METHOD_MATCH = YES;
				COPY_PHASE_STRIP = NO;
				DEBUG_INFORMATION_FORMAT = "dwarf-with-dsym";
				ENABLE_NS_ASSERTIONS = NO;
				ENABLE_STRICT_OBJC_MSGSEND = YES;
				GCC_C_LANGUAGE_STANDARD = gnu11;
				GCC_NO_COMMON_BLOCKS = YES;
				GCC_WARN_64_TO_32_BIT_CONVERSION = YES;
				GCC_WARN_ABOUT_RETURN_TYPE = YES_ERROR;
				GCC_WARN_UNDECLARED_SELECTOR = YES;
				GCC_WARN_UNINITIALIZED_AUTOS = YES_AGGRESSIVE;
				GCC_WARN_UNUSED_FUNCTION = YES;
				GCC_WARN_UNUSED_VARIABLE = YES;
				IPHONEOS_DEPLOYMENT_TARGET = 16.1;
				MTL_ENABLE_DEBUG_INFO = NO;
				MTL_FAST_MATH = YES;
				SDKROOT = iphoneos;
				SWIFT_COMPILATION_MODE = wholemodule;
				SWIFT_OPTIMIZATION_LEVEL = "-O";
				VALIDATE_PRODUCT = YES;
			};
			name = Release;
		};
		E3ADD2D92A4C906800C83685 /* Debug */ = {
			isa = XCBuildConfiguration;
			baseConfigurationReference = DDC5C7F22504BAA664888DD4 /* Pods-EGarciaUPAX.debug.xcconfig */;
			buildSettings = {
				ASSETCATALOG_COMPILER_APPICON_NAME = AppIcon;
				ASSETCATALOG_COMPILER_GLOBAL_ACCENT_COLOR_NAME = AccentColor;
				CODE_SIGN_STYLE = Automatic;
				CURRENT_PROJECT_VERSION = 1;
				DEVELOPMENT_TEAM = 8LAT49JHA2;
				GENERATE_INFOPLIST_FILE = YES;
				INFOPLIST_FILE = EGarciaUPAX/Info.plist;
				INFOPLIST_KEY_UIApplicationSupportsIndirectInputEvents = YES;
				INFOPLIST_KEY_UILaunchStoryboardName = LaunchScreen;
				INFOPLIST_KEY_UIMainStoryboardFile = Main;
				INFOPLIST_KEY_UISupportedInterfaceOrientations_iPad = "UIInterfaceOrientationPortrait UIInterfaceOrientationPortraitUpsideDown UIInterfaceOrientationLandscapeLeft UIInterfaceOrientationLandscapeRight";
				INFOPLIST_KEY_UISupportedInterfaceOrientations_iPhone = "UIInterfaceOrientationPortrait UIInterfaceOrientationLandscapeLeft UIInterfaceOrientationLandscapeRight";
				IPHONEOS_DEPLOYMENT_TARGET = 16.1;
				LD_RUNPATH_SEARCH_PATHS = (
					"$(inherited)",
					"@executable_path/Frameworks",
				);
				MARKETING_VERSION = 1.0;
				PRODUCT_BUNDLE_IDENTIFIER = com.digis.EGarciaUPAX;
				PRODUCT_NAME = "$(TARGET_NAME)";
				SWIFT_EMIT_LOC_STRINGS = YES;
				SWIFT_VERSION = 5.0;
				TARGETED_DEVICE_FAMILY = "1,2";
			};
			name = Debug;
		};
		E3ADD2DA2A4C906800C83685 /* Release */ = {
			isa = XCBuildConfiguration;
			baseConfigurationReference = 47DD1C92184A96C589D86EFC /* Pods-EGarciaUPAX.release.xcconfig */;
			buildSettings = {
				ASSETCATALOG_COMPILER_APPICON_NAME = AppIcon;
				ASSETCATALOG_COMPILER_GLOBAL_ACCENT_COLOR_NAME = AccentColor;
				CODE_SIGN_STYLE = Automatic;
				CURRENT_PROJECT_VERSION = 1;
				DEVELOPMENT_TEAM = 8LAT49JHA2;
				GENERATE_INFOPLIST_FILE = YES;
				INFOPLIST_FILE = EGarciaUPAX/Info.plist;
				INFOPLIST_KEY_UIApplicationSupportsIndirectInputEvents = YES;
				INFOPLIST_KEY_UILaunchStoryboardName = LaunchScreen;
				INFOPLIST_KEY_UIMainStoryboardFile = Main;
				INFOPLIST_KEY_UISupportedInterfaceOrientations_iPad = "UIInterfaceOrientationPortrait UIInterfaceOrientationPortraitUpsideDown UIInterfaceOrientationLandscapeLeft UIInterfaceOrientationLandscapeRight";
				INFOPLIST_KEY_UISupportedInterfaceOrientations_iPhone = "UIInterfaceOrientationPortrait UIInterfaceOrientationLandscapeLeft UIInterfaceOrientationLandscapeRight";
				IPHONEOS_DEPLOYMENT_TARGET = 16.1;
				LD_RUNPATH_SEARCH_PATHS = (
					"$(inherited)",
					"@executable_path/Frameworks",
				);
				MARKETING_VERSION = 1.0;
				PRODUCT_BUNDLE_IDENTIFIER = com.digis.EGarciaUPAX;
				PRODUCT_NAME = "$(TARGET_NAME)";
				SWIFT_EMIT_LOC_STRINGS = YES;
				SWIFT_VERSION = 5.0;
				TARGETED_DEVICE_FAMILY = "1,2";
			};
			name = Release;
		};
/* End XCBuildConfiguration section */

/* Begin XCConfigurationList section */
		E3ADD2BF2A4C906700C83685 /* Build configuration list for PBXProject "EGarciaUPAX" */ = {
			isa = XCConfigurationList;
			buildConfigurations = (
				E3ADD2D62A4C906800C83685 /* Debug */,
				E3ADD2D72A4C906800C83685 /* Release */,
			);
			defaultConfigurationIsVisible = 0;
			defaultConfigurationName = Release;
		};
		E3ADD2D82A4C906800C83685 /* Build configuration list for PBXNativeTarget "EGarciaUPAX" */ = {
			isa = XCConfigurationList;
			buildConfigurations = (
				E3ADD2D92A4C906800C83685 /* Debug */,
				E3ADD2DA2A4C906800C83685 /* Release */,
			);
			defaultConfigurationIsVisible = 0;
			defaultConfigurationName = Release;
		};
/* End XCConfigurationList section */

/* Begin XCRemoteSwiftPackageReference section */
		E3ADD2E52A4C96E000C83685 /* XCRemoteSwiftPackageReference "firebase-ios-sdk" */ = {
			isa = XCRemoteSwiftPackageReference;
			repositoryURL = "https://github.com/firebase/firebase-ios-sdk";
			requirement = {
				kind = upToNextMajorVersion;
				minimumVersion = 10.0.0;
			};
		};
/* End XCRemoteSwiftPackageReference section */

/* Begin XCSwiftPackageProductDependency section */
		E3ADD2E62A4C96E000C83685 /* FirebaseDatabase */ = {
			isa = XCSwiftPackageProductDependency;
			package = E3ADD2E52A4C96E000C83685 /* XCRemoteSwiftPackageReference "firebase-ios-sdk" */;
			productName = FirebaseDatabase;
		};
		E3ADD2E82A4C96E000C83685 /* FirebaseFirestore */ = {
			isa = XCSwiftPackageProductDependency;
			package = E3ADD2E52A4C96E000C83685 /* XCRemoteSwiftPackageReference "firebase-ios-sdk" */;
			productName = FirebaseFirestore;
		};
/* End XCSwiftPackageProductDependency section */
	};
	rootObject = E3ADD2BC2A4C906700C83685 /* Project object */;
}
